// !$*UTF8*$!
{
	archiveVersion = 1;
	classes = {
	};
	objectVersion = 56;
	objects = {

/* Begin PBXBuildFile section */
		438F73CF29B7DD7B00ADD0A8 /* AppDelegate.m in Sources */ = {isa = PBXBuildFile; fileRef = 438F73CE29B7DD7B00ADD0A8 /* AppDelegate.m */; };
		438F73D229B7DD7B00ADD0A8 /* SceneDelegate.m in Sources */ = {isa = PBXBuildFile; fileRef = 438F73D129B7DD7B00ADD0A8 /* SceneDelegate.m */; };
		438F73D529B7DD7B00ADD0A8 /* ViewController.m in Sources */ = {isa = PBXBuildFile; fileRef = 438F73D429B7DD7B00ADD0A8 /* ViewController.m */; };
		438F73D829B7DD7B00ADD0A8 /* Main.storyboard in Resources */ = {isa = PBXBuildFile; fileRef = 438F73D629B7DD7B00ADD0A8 /* Main.storyboard */; };
		438F73DA29B7DD7C00ADD0A8 /* Assets.xcassets in Resources */ = {isa = PBXBuildFile; fileRef = 438F73D929B7DD7C00ADD0A8 /* Assets.xcassets */; };
		438F73DD29B7DD7C00ADD0A8 /* LaunchScreen.storyboard in Resources */ = {isa = PBXBuildFile; fileRef = 438F73DB29B7DD7C00ADD0A8 /* LaunchScreen.storyboard */; };
		438F73E029B7DD7C00ADD0A8 /* main.m in Sources */ = {isa = PBXBuildFile; fileRef = 438F73DF29B7DD7C00ADD0A8 /* main.m */; };
		43E3A6B329BDA3EB0019C4C5 /* RadioStationFetcher.m in Sources */ = {isa = PBXBuildFile; fileRef = 43E3A6B229BDA3EB0019C4C5 /* RadioStationFetcher.m */; };
		43E3A6B629BDAAA60019C4C5 /* RadioStationParser.m in Sources */ = {isa = PBXBuildFile; fileRef = 43E3A6B529BDAAA60019C4C5 /* RadioStationParser.m */; };
		43E3A6B929BDAD5E0019C4C5 /* ViewModel.m in Sources */ = {isa = PBXBuildFile; fileRef = 43E3A6B829BDAD5E0019C4C5 /* ViewModel.m */; };
		43E3A6BC29BDAD940019C4C5 /* RadioStationDisplay.m in Sources */ = {isa = PBXBuildFile; fileRef = 43E3A6BB29BDAD940019C4C5 /* RadioStationDisplay.m */; };
		43E3A6C529BDB6300019C4C5 /* HomeViewController.m in Sources */ = {isa = PBXBuildFile; fileRef = 43E3A6C429BDB6300019C4C5 /* HomeViewController.m */; };
		43E3A6C829BDC8B70019C4C5 /* StationTableViewCell.m in Sources */ = {isa = PBXBuildFile; fileRef = 43E3A6C729BDC8B70019C4C5 /* StationTableViewCell.m */; };
		43E3A6CB29C01F170019C4C5 /* RadioPlayer.m in Sources */ = {isa = PBXBuildFile; fileRef = 43E3A6CA29C01F170019C4C5 /* RadioPlayer.m */; };
		43E3A6D429C1B26D0019C4C5 /* MessageDefine.m in Sources */ = {isa = PBXBuildFile; fileRef = 43E3A6D329C1B26D0019C4C5 /* MessageDefine.m */; };
		43E3A6D729C1CAC90019C4C5 /* AnimatedView.m in Sources */ = {isa = PBXBuildFile; fileRef = 43E3A6D629C1CAC90019C4C5 /* AnimatedView.m */; };
		43E3A6DA29C304570019C4C5 /* UIImage+Color.m in Sources */ = {isa = PBXBuildFile; fileRef = 43E3A6D929C304570019C4C5 /* UIImage+Color.m */; };
		43E3A6DF29C319AC0019C4C5 /* MiniPlayerViewController.m in Sources */ = {isa = PBXBuildFile; fileRef = 43E3A6DD29C319AC0019C4C5 /* MiniPlayerViewController.m */; };
		43E3A6E229C31A430019C4C5 /* MiniPlayerViewController.storyboard in Resources */ = {isa = PBXBuildFile; fileRef = 43E3A6E129C31A430019C4C5 /* MiniPlayerViewController.storyboard */; };
		43F8C59029B87B87008DEF78 /* NetworkManager.m in Sources */ = {isa = PBXBuildFile; fileRef = 43F8C58F29B87B87008DEF78 /* NetworkManager.m */; };
		43F8C59329B8A099008DEF78 /* RadioStation.m in Sources */ = {isa = PBXBuildFile; fileRef = 43F8C59229B8A099008DEF78 /* RadioStation.m */; };
/* End PBXBuildFile section */

/* Begin PBXFileReference section */
		438F73CA29B7DD7B00ADD0A8 /* InternetRadio.app */ = {isa = PBXFileReference; explicitFileType = wrapper.application; includeInIndex = 0; path = InternetRadio.app; sourceTree = BUILT_PRODUCTS_DIR; };
		438F73CD29B7DD7B00ADD0A8 /* AppDelegate.h */ = {isa = PBXFileReference; lastKnownFileType = sourcecode.c.h; path = AppDelegate.h; sourceTree = "<group>"; };
		438F73CE29B7DD7B00ADD0A8 /* AppDelegate.m */ = {isa = PBXFileReference; lastKnownFileType = sourcecode.c.objc; path = AppDelegate.m; sourceTree = "<group>"; };
		438F73D029B7DD7B00ADD0A8 /* SceneDelegate.h */ = {isa = PBXFileReference; lastKnownFileType = sourcecode.c.h; path = SceneDelegate.h; sourceTree = "<group>"; };
		438F73D129B7DD7B00ADD0A8 /* SceneDelegate.m */ = {isa = PBXFileReference; lastKnownFileType = sourcecode.c.objc; path = SceneDelegate.m; sourceTree = "<group>"; };
		438F73D329B7DD7B00ADD0A8 /* ViewController.h */ = {isa = PBXFileReference; lastKnownFileType = sourcecode.c.h; path = ViewController.h; sourceTree = "<group>"; };
		438F73D429B7DD7B00ADD0A8 /* ViewController.m */ = {isa = PBXFileReference; lastKnownFileType = sourcecode.c.objc; path = ViewController.m; sourceTree = "<group>"; };
		438F73D729B7DD7B00ADD0A8 /* Base */ = {isa = PBXFileReference; lastKnownFileType = file.storyboard; name = Base; path = Base.lproj/Main.storyboard; sourceTree = "<group>"; };
		438F73D929B7DD7C00ADD0A8 /* Assets.xcassets */ = {isa = PBXFileReference; lastKnownFileType = folder.assetcatalog; path = Assets.xcassets; sourceTree = "<group>"; };
		438F73DC29B7DD7C00ADD0A8 /* Base */ = {isa = PBXFileReference; lastKnownFileType = file.storyboard; name = Base; path = Base.lproj/LaunchScreen.storyboard; sourceTree = "<group>"; };
		438F73DE29B7DD7C00ADD0A8 /* Info.plist */ = {isa = PBXFileReference; lastKnownFileType = text.plist.xml; path = Info.plist; sourceTree = "<group>"; };
		438F73DF29B7DD7C00ADD0A8 /* main.m */ = {isa = PBXFileReference; lastKnownFileType = sourcecode.c.objc; path = main.m; sourceTree = "<group>"; };
		43E3A6B129BDA3EB0019C4C5 /* RadioStationFetcher.h */ = {isa = PBXFileReference; lastKnownFileType = sourcecode.c.h; path = RadioStationFetcher.h; sourceTree = "<group>"; };
		43E3A6B229BDA3EB0019C4C5 /* RadioStationFetcher.m */ = {isa = PBXFileReference; lastKnownFileType = sourcecode.c.objc; path = RadioStationFetcher.m; sourceTree = "<group>"; };
		43E3A6B429BDAAA60019C4C5 /* RadioStationParser.h */ = {isa = PBXFileReference; lastKnownFileType = sourcecode.c.h; path = RadioStationParser.h; sourceTree = "<group>"; };
		43E3A6B529BDAAA60019C4C5 /* RadioStationParser.m */ = {isa = PBXFileReference; lastKnownFileType = sourcecode.c.objc; path = RadioStationParser.m; sourceTree = "<group>"; };
		43E3A6B729BDAD5E0019C4C5 /* ViewModel.h */ = {isa = PBXFileReference; lastKnownFileType = sourcecode.c.h; path = ViewModel.h; sourceTree = "<group>"; };
		43E3A6B829BDAD5E0019C4C5 /* ViewModel.m */ = {isa = PBXFileReference; lastKnownFileType = sourcecode.c.objc; path = ViewModel.m; sourceTree = "<group>"; };
		43E3A6BA29BDAD940019C4C5 /* RadioStationDisplay.h */ = {isa = PBXFileReference; lastKnownFileType = sourcecode.c.h; path = RadioStationDisplay.h; sourceTree = "<group>"; };
		43E3A6BB29BDAD940019C4C5 /* RadioStationDisplay.m */ = {isa = PBXFileReference; lastKnownFileType = sourcecode.c.objc; path = RadioStationDisplay.m; sourceTree = "<group>"; };
		43E3A6C329BDB6300019C4C5 /* HomeViewController.h */ = {isa = PBXFileReference; lastKnownFileType = sourcecode.c.h; path = HomeViewController.h; sourceTree = "<group>"; };
		43E3A6C429BDB6300019C4C5 /* HomeViewController.m */ = {isa = PBXFileReference; lastKnownFileType = sourcecode.c.objc; path = HomeViewController.m; sourceTree = "<group>"; };
		43E3A6C629BDC8B70019C4C5 /* StationTableViewCell.h */ = {isa = PBXFileReference; lastKnownFileType = sourcecode.c.h; path = StationTableViewCell.h; sourceTree = "<group>"; };
		43E3A6C729BDC8B70019C4C5 /* StationTableViewCell.m */ = {isa = PBXFileReference; lastKnownFileType = sourcecode.c.objc; path = StationTableViewCell.m; sourceTree = "<group>"; };
		43E3A6C929C01F170019C4C5 /* RadioPlayer.h */ = {isa = PBXFileReference; lastKnownFileType = sourcecode.c.h; path = RadioPlayer.h; sourceTree = "<group>"; };
		43E3A6CA29C01F170019C4C5 /* RadioPlayer.m */ = {isa = PBXFileReference; lastKnownFileType = sourcecode.c.objc; path = RadioPlayer.m; sourceTree = "<group>"; };
		43E3A6D229C1B26D0019C4C5 /* MessageDefine.h */ = {isa = PBXFileReference; lastKnownFileType = sourcecode.c.h; path = MessageDefine.h; sourceTree = "<group>"; };
		43E3A6D329C1B26D0019C4C5 /* MessageDefine.m */ = {isa = PBXFileReference; lastKnownFileType = sourcecode.c.objc; path = MessageDefine.m; sourceTree = "<group>"; };
		43E3A6D529C1CAC90019C4C5 /* AnimatedView.h */ = {isa = PBXFileReference; lastKnownFileType = sourcecode.c.h; path = AnimatedView.h; sourceTree = "<group>"; };
		43E3A6D629C1CAC90019C4C5 /* AnimatedView.m */ = {isa = PBXFileReference; lastKnownFileType = sourcecode.c.objc; path = AnimatedView.m; sourceTree = "<group>"; };
		43E3A6D829C304570019C4C5 /* UIImage+Color.h */ = {isa = PBXFileReference; lastKnownFileType = sourcecode.c.h; path = "UIImage+Color.h"; sourceTree = "<group>"; };
		43E3A6D929C304570019C4C5 /* UIImage+Color.m */ = {isa = PBXFileReference; lastKnownFileType = sourcecode.c.objc; path = "UIImage+Color.m"; sourceTree = "<group>"; };
		43E3A6DC29C319AC0019C4C5 /* MiniPlayerViewController.h */ = {isa = PBXFileReference; lastKnownFileType = sourcecode.c.h; path = MiniPlayerViewController.h; sourceTree = "<group>"; };
		43E3A6DD29C319AC0019C4C5 /* MiniPlayerViewController.m */ = {isa = PBXFileReference; lastKnownFileType = sourcecode.c.objc; path = MiniPlayerViewController.m; sourceTree = "<group>"; };
		43E3A6E129C31A430019C4C5 /* MiniPlayerViewController.storyboard */ = {isa = PBXFileReference; lastKnownFileType = file.storyboard; path = MiniPlayerViewController.storyboard; sourceTree = "<group>"; };
		43F8C58E29B87B87008DEF78 /* NetworkManager.h */ = {isa = PBXFileReference; lastKnownFileType = sourcecode.c.h; path = NetworkManager.h; sourceTree = "<group>"; };
		43F8C58F29B87B87008DEF78 /* NetworkManager.m */ = {isa = PBXFileReference; lastKnownFileType = sourcecode.c.objc; path = NetworkManager.m; sourceTree = "<group>"; };
		43F8C59129B8A099008DEF78 /* RadioStation.h */ = {isa = PBXFileReference; lastKnownFileType = sourcecode.c.h; path = RadioStation.h; sourceTree = "<group>"; };
		43F8C59229B8A099008DEF78 /* RadioStation.m */ = {isa = PBXFileReference; lastKnownFileType = sourcecode.c.objc; path = RadioStation.m; sourceTree = "<group>"; };
/* End PBXFileReference section */

/* Begin PBXFrameworksBuildPhase section */
		438F73C729B7DD7B00ADD0A8 /* Frameworks */ = {
			isa = PBXFrameworksBuildPhase;
			buildActionMask = 2147483647;
			files = (
			);
			runOnlyForDeploymentPostprocessing = 0;
		};
/* End PBXFrameworksBuildPhase section */

/* Begin PBXGroup section */
		438F73C129B7DD7B00ADD0A8 = {
			isa = PBXGroup;
			children = (
				438F73CC29B7DD7B00ADD0A8 /* InternetRadio */,
				438F73CB29B7DD7B00ADD0A8 /* Products */,
			);
			sourceTree = "<group>";
		};
		438F73CB29B7DD7B00ADD0A8 /* Products */ = {
			isa = PBXGroup;
			children = (
				438F73CA29B7DD7B00ADD0A8 /* InternetRadio.app */,
			);
			name = Products;
			sourceTree = "<group>";
		};
		438F73CC29B7DD7B00ADD0A8 /* InternetRadio */ = {
			isa = PBXGroup;
			children = (
				438F73CD29B7DD7B00ADD0A8 /* AppDelegate.h */,
				438F73CE29B7DD7B00ADD0A8 /* AppDelegate.m */,
				438F73D029B7DD7B00ADD0A8 /* SceneDelegate.h */,
				438F73D129B7DD7B00ADD0A8 /* SceneDelegate.m */,
				438F73D329B7DD7B00ADD0A8 /* ViewController.h */,
				438F73D429B7DD7B00ADD0A8 /* ViewController.m */,
				43E3A6C629BDC8B70019C4C5 /* StationTableViewCell.h */,
				43E3A6C729BDC8B70019C4C5 /* StationTableViewCell.m */,
				43E3A6C329BDB6300019C4C5 /* HomeViewController.h */,
				43E3A6C429BDB6300019C4C5 /* HomeViewController.m */,
				43E3A6B729BDAD5E0019C4C5 /* ViewModel.h */,
				43E3A6B829BDAD5E0019C4C5 /* ViewModel.m */,
				43E3A6BA29BDAD940019C4C5 /* RadioStationDisplay.h */,
				43E3A6BB29BDAD940019C4C5 /* RadioStationDisplay.m */,
				43E3A6C929C01F170019C4C5 /* RadioPlayer.h */,
				43E3A6CA29C01F170019C4C5 /* RadioPlayer.m */,
				43E3A6D229C1B26D0019C4C5 /* MessageDefine.h */,
				43E3A6D329C1B26D0019C4C5 /* MessageDefine.m */,
				43E3A6D529C1CAC90019C4C5 /* AnimatedView.h */,
				43E3A6D629C1CAC90019C4C5 /* AnimatedView.m */,
				43E3A6DC29C319AC0019C4C5 /* MiniPlayerViewController.h */,
				43E3A6DD29C319AC0019C4C5 /* MiniPlayerViewController.m */,
				43E3A6DB29C3059B0019C4C5 /* Extensions */,
				43F8C59529B8A82A008DEF78 /* Data */,
				43F8C59429B8A80E008DEF78 /* Net */,
				438F73D629B7DD7B00ADD0A8 /* Main.storyboard */,
				43E3A6E129C31A430019C4C5 /* MiniPlayerViewController.storyboard */,
				438F73D929B7DD7C00ADD0A8 /* Assets.xcassets */,
				438F73DB29B7DD7C00ADD0A8 /* LaunchScreen.storyboard */,
				438F73DE29B7DD7C00ADD0A8 /* Info.plist */,
				438F73DF29B7DD7C00ADD0A8 /* main.m */,
			);
			path = InternetRadio;
			sourceTree = "<group>";
		};
		43E3A6DB29C3059B0019C4C5 /* Extensions */ = {
			isa = PBXGroup;
			children = (
				43E3A6D829C304570019C4C5 /* UIImage+Color.h */,
				43E3A6D929C304570019C4C5 /* UIImage+Color.m */,
			);
			path = Extensions;
			sourceTree = "<group>";
		};
		43F8C59429B8A80E008DEF78 /* Net */ = {
			isa = PBXGroup;
			children = (
				43F8C58E29B87B87008DEF78 /* NetworkManager.h */,
				43F8C58F29B87B87008DEF78 /* NetworkManager.m */,
			);
			path = Net;
			sourceTree = "<group>";
		};
		43F8C59529B8A82A008DEF78 /* Data */ = {
			isa = PBXGroup;
			children = (
				43F8C59129B8A099008DEF78 /* RadioStation.h */,
				43F8C59229B8A099008DEF78 /* RadioStation.m */,
				43E3A6B129BDA3EB0019C4C5 /* RadioStationFetcher.h */,
				43E3A6B229BDA3EB0019C4C5 /* RadioStationFetcher.m */,
				43E3A6B429BDAAA60019C4C5 /* RadioStationParser.h */,
				43E3A6B529BDAAA60019C4C5 /* RadioStationParser.m */,
			);
			path = Data;
			sourceTree = "<group>";
		};
/* End PBXGroup section */

/* Begin PBXNativeTarget section */
		438F73C929B7DD7B00ADD0A8 /* InternetRadio */ = {
			isa = PBXNativeTarget;
			buildConfigurationList = 438F73E329B7DD7C00ADD0A8 /* Build configuration list for PBXNativeTarget "InternetRadio" */;
			buildPhases = (
				438F73C629B7DD7B00ADD0A8 /* Sources */,
				438F73C729B7DD7B00ADD0A8 /* Frameworks */,
				438F73C829B7DD7B00ADD0A8 /* Resources */,
			);
			buildRules = (
			);
			dependencies = (
			);
			name = InternetRadio;
			productName = InternetRadio;
			productReference = 438F73CA29B7DD7B00ADD0A8 /* InternetRadio.app */;
			productType = "com.apple.product-type.application";
		};
/* End PBXNativeTarget section */

/* Begin PBXProject section */
		438F73C229B7DD7B00ADD0A8 /* Project object */ = {
			isa = PBXProject;
			attributes = {
				BuildIndependentTargetsInParallel = 1;
				LastUpgradeCheck = 1420;
				TargetAttributes = {
					438F73C929B7DD7B00ADD0A8 = {
						CreatedOnToolsVersion = 14.2;
					};
				};
			};
			buildConfigurationList = 438F73C529B7DD7B00ADD0A8 /* Build configuration list for PBXProject "InternetRadio" */;
			compatibilityVersion = "Xcode 14.0";
			developmentRegion = en;
			hasScannedForEncodings = 0;
			knownRegions = (
				en,
				Base,
			);
			mainGroup = 438F73C129B7DD7B00ADD0A8;
			productRefGroup = 438F73CB29B7DD7B00ADD0A8 /* Products */;
			projectDirPath = "";
			projectRoot = "";
			targets = (
				438F73C929B7DD7B00ADD0A8 /* InternetRadio */,
			);
		};
/* End PBXProject section */

/* Begin PBXResourcesBuildPhase section */
		438F73C829B7DD7B00ADD0A8 /* Resources */ = {
			isa = PBXResourcesBuildPhase;
			buildActionMask = 2147483647;
			files = (
				438F73DD29B7DD7C00ADD0A8 /* LaunchScreen.storyboard in Resources */,
				438F73DA29B7DD7C00ADD0A8 /* Assets.xcassets in Resources */,
				438F73D829B7DD7B00ADD0A8 /* Main.storyboard in Resources */,
				43E3A6E229C31A430019C4C5 /* MiniPlayerViewController.storyboard in Resources */,
			);
			runOnlyForDeploymentPostprocessing = 0;
		};
/* End PBXResourcesBuildPhase section */

/* Begin PBXSourcesBuildPhase section */
		438F73C629B7DD7B00ADD0A8 /* Sources */ = {
			isa = PBXSourcesBuildPhase;
			buildActionMask = 2147483647;
			files = (
				43E3A6D729C1CAC90019C4C5 /* AnimatedView.m in Sources */,
				438F73D529B7DD7B00ADD0A8 /* ViewController.m in Sources */,
				438F73CF29B7DD7B00ADD0A8 /* AppDelegate.m in Sources */,
				43E3A6B329BDA3EB0019C4C5 /* RadioStationFetcher.m in Sources */,
				438F73E029B7DD7C00ADD0A8 /* main.m in Sources */,
				43E3A6DA29C304570019C4C5 /* UIImage+Color.m in Sources */,
				43F8C59029B87B87008DEF78 /* NetworkManager.m in Sources */,
				43E3A6BC29BDAD940019C4C5 /* RadioStationDisplay.m in Sources */,
				43E3A6C829BDC8B70019C4C5 /* StationTableViewCell.m in Sources */,
				43E3A6C529BDB6300019C4C5 /* HomeViewController.m in Sources */,
				43E3A6CB29C01F170019C4C5 /* RadioPlayer.m in Sources */,
				43E3A6B629BDAAA60019C4C5 /* RadioStationParser.m in Sources */,
				43E3A6B929BDAD5E0019C4C5 /* ViewModel.m in Sources */,
				43F8C59329B8A099008DEF78 /* RadioStation.m in Sources */,
				43E3A6D429C1B26D0019C4C5 /* MessageDefine.m in Sources */,
				43E3A6DF29C319AC0019C4C5 /* MiniPlayerViewController.m in Sources */,
				438F73D229B7DD7B00ADD0A8 /* SceneDelegate.m in Sources */,
			);
			runOnlyForDeploymentPostprocessing = 0;
		};
/* End PBXSourcesBuildPhase section */

/* Begin PBXVariantGroup section */
		438F73D629B7DD7B00ADD0A8 /* Main.storyboard */ = {
			isa = PBXVariantGroup;
			children = (
				438F73D729B7DD7B00ADD0A8 /* Base */,
			);
			name = Main.storyboard;
			sourceTree = "<group>";
		};
		438F73DB29B7DD7C00ADD0A8 /* LaunchScreen.storyboard */ = {
			isa = PBXVariantGroup;
			children = (
				438F73DC29B7DD7C00ADD0A8 /* Base */,
			);
			name = LaunchScreen.storyboard;
			sourceTree = "<group>";
		};
/* End PBXVariantGroup section */

/* Begin XCBuildConfiguration section */
		438F73E129B7DD7C00ADD0A8 /* Debug */ = {
			isa = XCBuildConfiguration;
			buildSettings = {
				ALWAYS_SEARCH_USER_PATHS = NO;
				CLANG_ANALYZER_NONNULL = YES;
				CLANG_ANALYZER_NUMBER_OBJECT_CONVERSION = YES_AGGRESSIVE;
				CLANG_CXX_LANGUAGE_STANDARD = "gnu++20";
				CLANG_ENABLE_MODULES = YES;
				CLANG_ENABLE_OBJC_ARC = YES;
				CLANG_ENABLE_OBJC_WEAK = YES;
				CLANG_WARN_BLOCK_CAPTURE_AUTORELEASING = YES;
				CLANG_WARN_BOOL_CONVERSION = YES;
				CLANG_WARN_COMMA = YES;
				CLANG_WARN_CONSTANT_CONVERSION = YES;
				CLANG_WARN_DEPRECATED_OBJC_IMPLEMENTATIONS = YES;
				CLANG_WARN_DIRECT_OBJC_ISA_USAGE = YES_ERROR;
				CLANG_WARN_DOCUMENTATION_COMMENTS = YES;
				CLANG_WARN_EMPTY_BODY = YES;
				CLANG_WARN_ENUM_CONVERSION = YES;
				CLANG_WARN_INFINITE_RECURSION = YES;
				CLANG_WARN_INT_CONVERSION = YES;
				CLANG_WARN_NON_LITERAL_NULL_CONVERSION = YES;
				CLANG_WARN_OBJC_IMPLICIT_RETAIN_SELF = YES;
				CLANG_WARN_OBJC_LITERAL_CONVERSION = YES;
				CLANG_WARN_OBJC_ROOT_CLASS = YES_ERROR;
				CLANG_WARN_QUOTED_INCLUDE_IN_FRAMEWORK_HEADER = YES;
				CLANG_WARN_RANGE_LOOP_ANALYSIS = YES;
				CLANG_WARN_STRICT_PROTOTYPES = YES;
				CLANG_WARN_SUSPICIOUS_MOVE = YES;
				CLANG_WARN_UNGUARDED_AVAILABILITY = YES_AGGRESSIVE;
				CLANG_WARN_UNREACHABLE_CODE = YES;
				CLANG_WARN__DUPLICATE_METHOD_MATCH = YES;
				COPY_PHASE_STRIP = NO;
				DEBUG_INFORMATION_FORMAT = dwarf;
				ENABLE_STRICT_OBJC_MSGSEND = YES;
				ENABLE_TESTABILITY = YES;
				GCC_C_LANGUAGE_STANDARD = gnu11;
				GCC_DYNAMIC_NO_PIC = NO;
				GCC_NO_COMMON_BLOCKS = YES;
				GCC_OPTIMIZATION_LEVEL = 0;
				GCC_PREPROCESSOR_DEFINITIONS = (
					"DEBUG=1",
					"$(inherited)",
				);
				GCC_WARN_64_TO_32_BIT_CONVERSION = YES;
				GCC_WARN_ABOUT_RETURN_TYPE = YES_ERROR;
				GCC_WARN_UNDECLARED_SELECTOR = YES;
				GCC_WARN_UNINITIALIZED_AUTOS = YES_AGGRESSIVE;
				GCC_WARN_UNUSED_FUNCTION = YES;
				GCC_WARN_UNUSED_VARIABLE = YES;
				IPHONEOS_DEPLOYMENT_TARGET = 16.2;
				MTL_ENABLE_DEBUG_INFO = INCLUDE_SOURCE;
				MTL_FAST_MATH = YES;
				ONLY_ACTIVE_ARCH = YES;
				SDKROOT = iphoneos;
			};
			name = Debug;
		};
		438F73E229B7DD7C00ADD0A8 /* Release */ = {
			isa = XCBuildConfiguration;
			buildSettings = {
				ALWAYS_SEARCH_USER_PATHS = NO;
				CLANG_ANALYZER_NONNULL = YES;
				CLANG_ANALYZER_NUMBER_OBJECT_CONVERSION = YES_AGGRESSIVE;
				CLANG_CXX_LANGUAGE_STANDARD = "gnu++20";
				CLANG_ENABLE_MODULES = YES;
				CLANG_ENABLE_OBJC_ARC = YES;
				CLANG_ENABLE_OBJC_WEAK = YES;
				CLANG_WARN_BLOCK_CAPTURE_AUTORELEASING = YES;
				CLANG_WARN_BOOL_CONVERSION = YES;
				CLANG_WARN_COMMA = YES;
				CLANG_WARN_CONSTANT_CONVERSION = YES;
				CLANG_WARN_DEPRECATED_OBJC_IMPLEMENTATIONS = YES;
				CLANG_WARN_DIRECT_OBJC_ISA_USAGE = YES_ERROR;
				CLANG_WARN_DOCUMENTATION_COMMENTS = YES;
				CLANG_WARN_EMPTY_BODY = YES;
				CLANG_WARN_ENUM_CONVERSION = YES;
				CLANG_WARN_INFINITE_RECURSION = YES;
				CLANG_WARN_INT_CONVERSION = YES;
				CLANG_WARN_NON_LITERAL_NULL_CONVERSION = YES;
				CLANG_WARN_OBJC_IMPLICIT_RETAIN_SELF = YES;
				CLANG_WARN_OBJC_LITERAL_CONVERSION = YES;
				CLANG_WARN_OBJC_ROOT_CLASS = YES_ERROR;
				CLANG_WARN_QUOTED_INCLUDE_IN_FRAMEWORK_HEADER = YES;
				CLANG_WARN_RANGE_LOOP_ANALYSIS = YES;
				CLANG_WARN_STRICT_PROTOTYPES = YES;
				CLANG_WARN_SUSPICIOUS_MOVE = YES;
				CLANG_WARN_UNGUARDED_AVAILABILITY = YES_AGGRESSIVE;
				CLANG_WARN_UNREACHABLE_CODE = YES;
				CLANG_WARN__DUPLICATE_METHOD_MATCH = YES;
				COPY_PHASE_STRIP = NO;
				DEBUG_INFORMATION_FORMAT = "dwarf-with-dsym";
				ENABLE_NS_ASSERTIONS = NO;
				ENABLE_STRICT_OBJC_MSGSEND = YES;
				GCC_C_LANGUAGE_STANDARD = gnu11;
				GCC_NO_COMMON_BLOCKS = YES;
				GCC_WARN_64_TO_32_BIT_CONVERSION = YES;
				GCC_WARN_ABOUT_RETURN_TYPE = YES_ERROR;
				GCC_WARN_UNDECLARED_SELECTOR = YES;
				GCC_WARN_UNINITIALIZED_AUTOS = YES_AGGRESSIVE;
				GCC_WARN_UNUSED_FUNCTION = YES;
				GCC_WARN_UNUSED_VARIABLE = YES;
				IPHONEOS_DEPLOYMENT_TARGET = 16.2;
				MTL_ENABLE_DEBUG_INFO = NO;
				MTL_FAST_MATH = YES;
				SDKROOT = iphoneos;
				VALIDATE_PRODUCT = YES;
			};
			name = Release;
		};
		438F73E429B7DD7C00ADD0A8 /* Debug */ = {
			isa = XCBuildConfiguration;
			buildSettings = {
				ASSETCATALOG_COMPILER_APPICON_NAME = AppIcon;
				ASSETCATALOG_COMPILER_GLOBAL_ACCENT_COLOR_NAME = AccentColor;
				CODE_SIGN_STYLE = Automatic;
				CURRENT_PROJECT_VERSION = 1;
				DEVELOPMENT_TEAM = PWJ7LY649G;
				GENERATE_INFOPLIST_FILE = YES;
				INFOPLIST_FILE = InternetRadio/Info.plist;
				INFOPLIST_KEY_UIApplicationSupportsIndirectInputEvents = YES;
				INFOPLIST_KEY_UILaunchStoryboardName = LaunchScreen;
				INFOPLIST_KEY_UIMainStoryboardFile = Main;
				INFOPLIST_KEY_UISupportedInterfaceOrientations_iPad = "UIInterfaceOrientationPortrait UIInterfaceOrientationPortraitUpsideDown UIInterfaceOrientationLandscapeLeft UIInterfaceOrientationLandscapeRight";
				INFOPLIST_KEY_UISupportedInterfaceOrientations_iPhone = "UIInterfaceOrientationPortrait UIInterfaceOrientationLandscapeLeft UIInterfaceOrientationLandscapeRight";
				LD_RUNPATH_SEARCH_PATHS = (
					"$(inherited)",
					"@executable_path/Frameworks",
				);
				MARKETING_VERSION = 1.0;
				PRODUCT_BUNDLE_IDENTIFIER = com.MyProject.InternetRadio;
				PRODUCT_NAME = "$(TARGET_NAME)";
				SWIFT_EMIT_LOC_STRINGS = YES;
				TARGETED_DEVICE_FAMILY = "1,2";
			};
			name = Debug;
		};
		438F73E529B7DD7C00ADD0A8 /* Release */ = {
			isa = XCBuildConfiguration;
			buildSettings = {
				ASSETCATALOG_COMPILER_APPICON_NAME = AppIcon;
				ASSETCATALOG_COMPILER_GLOBAL_ACCENT_COLOR_NAME = AccentColor;
				CODE_SIGN_STYLE = Automatic;
				CURRENT_PROJECT_VERSION = 1;
				DEVELOPMENT_TEAM = PWJ7LY649G;
				GENERATE_INFOPLIST_FILE = YES;
				INFOPLIST_FILE = InternetRadio/Info.plist;
				INFOPLIST_KEY_UIApplicationSupportsIndirectInputEvents = YES;
				INFOPLIST_KEY_UILaunchStoryboardName = LaunchScreen;
				INFOPLIST_KEY_UIMainStoryboardFile = Main;
				INFOPLIST_KEY_UISupportedInterfaceOrientations_iPad = "UIInterfaceOrientationPortrait UIInterfaceOrientationPortraitUpsideDown UIInterfaceOrientationLandscapeLeft UIInterfaceOrientationLandscapeRight";
				INFOPLIST_KEY_UISupportedInterfaceOrientations_iPhone = "UIInterfaceOrientationPortrait UIInterfaceOrientationLandscapeLeft UIInterfaceOrientationLandscapeRight";
				LD_RUNPATH_SEARCH_PATHS = (
					"$(inherited)",
					"@executable_path/Frameworks",
				);
				MARKETING_VERSION = 1.0;
				PRODUCT_BUNDLE_IDENTIFIER = com.MyProject.InternetRadio;
				PRODUCT_NAME = "$(TARGET_NAME)";
				SWIFT_EMIT_LOC_STRINGS = YES;
				TARGETED_DEVICE_FAMILY = "1,2";
			};
			name = Release;
		};
/* End XCBuildConfiguration section */

/* Begin XCConfigurationList section */
		438F73C529B7DD7B00ADD0A8 /* Build configuration list for PBXProject "InternetRadio" */ = {
			isa = XCConfigurationList;
			buildConfigurations = (
				438F73E129B7DD7C00ADD0A8 /* Debug */,
				438F73E229B7DD7C00ADD0A8 /* Release */,
			);
			defaultConfigurationIsVisible = 0;
			defaultConfigurationName = Release;
		};
		438F73E329B7DD7C00ADD0A8 /* Build configuration list for PBXNativeTarget "InternetRadio" */ = {
			isa = XCConfigurationList;
			buildConfigurations = (
				438F73E429B7DD7C00ADD0A8 /* Debug */,
				438F73E529B7DD7C00ADD0A8 /* Release */,
			);
			defaultConfigurationIsVisible = 0;
			defaultConfigurationName = Release;
		};
/* End XCConfigurationList section */
	};
	rootObject = 438F73C229B7DD7B00ADD0A8 /* Project object */;
}
